
Microsoft Visual Studio Solution File, Format Version 12.00
# Visual Studio Express 15 for Windows Desktop
VisualStudioVersion = 15.0.33403.129
MinimumVisualStudioVersion = 10.0.40219.1
Project("{8BC9CEB8-8B4A-11D0-8D11-00A0C91BC942}") = "3_1. ADT", "Project1\Project1.vcxproj", "{BAD1159C-61F6-482D-B66D-CFC5E6D09404}"
EndProject
Project("{8BC9CEB8-8B4A-11D0-8D11-00A0C91BC942}") = "3_2. Polynomial", "Polynomial\Polynomial.vcxproj", "{C031C5C8-DC2D-4C9A-9D5B-0C22CA2DBD27}"
EndProject
Project("{8BC9CEB8-8B4A-11D0-8D11-00A0C91BC942}") = "3_3. Sparsepolynomial", "3. Sparsepolynomial\3. Sparsepolynomial.vcxproj", "{351EE89E-823A-4DDE-870A-F6C260BC753F}"
EndProject
Project("{8BC9CEB8-8B4A-11D0-8D11-00A0C91BC942}") = "3_4. Matrix", "4. Array\4. Array.vcxproj", "{9EF017D9-B28A-4633-92D0-FECBF68A9ADD}"
EndProject
Project("{8BC9CEB8-8B4A-11D0-8D11-00A0C91BC942}") = "3_5. DynamicMemoryArray", "5. DynamicMemoryArray\5. DynamicMemoryArray.vcxproj", "{EA0EBFA6-C8FC-4C2B-A985-EAC58BDD4387}"
EndProject
Project("{8BC9CEB8-8B4A-11D0-8D11-00A0C91BC942}") = "3_6. SparseMatrix", "6. SparseMatrix\6. SparseMatrix.vcxproj", "{375C1B51-64ED-4083-9F35-6A1779F3BECD}"
EndProject
Project("{8BC9CEB8-8B4A-11D0-8D11-00A0C91BC942}") = "3_6_1. SparseMatrix_InsertionSort", "6-1. SparseMatrix_InsertionSort\6-1. SparseMatrix_InsertionSort.vcxproj", "{C377BC75-8465-4853-AC5D-BC02AF2897BF}"
EndProject
Project("{8BC9CEB8-8B4A-11D0-8D11-00A0C91BC942}") = "4_1. Stack", "4-1. Stack\4-1. Stack.vcxproj", "{ADC4D68D-B1E9-45A3-AF77-469FBAECCCC7}"
EndProject
Project("{8BC9CEB8-8B4A-11D0-8D11-00A0C91BC942}") = "4_2. Maze", "4_2. Maze\4_2. Maze.vcxproj", "{3F0CEA27-4378-48B2-9E0E-C11FF82B4899}"
EndProject
Project("{8BC9CEB8-8B4A-11D0-8D11-00A0C91BC942}") = "4_3. TowerOfHanoi", "4_3. TowerOfHanoi\4_3. TowerOfHanoi.vcxproj", "{0837EF6E-2BCC-431B-A673-07A515E96071}"
EndProject
Project("{8BC9CEB8-8B4A-11D0-8D11-00A0C91BC942}") = "5_1. Queue", "5_1. Queue\5_1. Queue.vcxproj", "{85EBAFEA-FBB4-4426-A125-49B686F75726}"
EndProject
Project("{8BC9CEB8-8B4A-11D0-8D11-00A0C91BC942}") = "5_2. Josephus", "5_2. Josephus\5_2. Josephus.vcxproj", "{B79B2DDC-18A5-45FE-A737-10FB82D4345B}"
EndProject
Project("{8BC9CEB8-8B4A-11D0-8D11-00A0C91BC942}") = "5_3. Deque", "5_3. Deque\5_3. Deque.vcxproj", "{9437E06F-3143-4AC8-B778-EC9C308E6329}"
EndProject
Project("{8BC9CEB8-8B4A-11D0-8D11-00A0C91BC942}") = "5_4. EvaluatingExpressions", "5_4. EvaluatingExpressions\5_4. EvaluatingExpressions.vcxproj", "{495FA8F8-1F62-41FC-9CCC-358F1BE54DC3}"
EndProject
Project("{8BC9CEB8-8B4A-11D0-8D11-00A0C91BC942}") = "6_1. LinkedNode", "6_1. LinkedNode\6_1. LinkedNode.vcxproj", "{570DCA6D-F302-4E36-AA08-9290CB1310FB}"
EndProject
Project("{8BC9CEB8-8B4A-11D0-8D11-00A0C91BC942}") = "6_2. SinglyLinkedList", "6_2. SinglyLinkedList\6_2. SinglyLinkedList.vcxproj", "{A7D0E3E2-2598-4B69-AC7A-9545DCF6AF47}"
EndProject
Project("{8BC9CEB8-8B4A-11D0-8D11-00A0C91BC942}") = "6_3. LinkedPolynomial", "6_3. LinkedPolynomial\6_3. LinkedPolynomial.vcxproj", "{B11F10D1-B903-4995-9534-687402D2244F}"
EndProject
Project("{8BC9CEB8-8B4A-11D0-8D11-00A0C91BC942}") = "6_4. DoublyLinkedList", "6_4. DoublyLinkedList\6_4. DoublyLinkedList.vcxproj", "{ABC9EF95-08CA-4151-B7A5-78B00D8A739A}"
EndProject
Project("{8BC9CEB8-8B4A-11D0-8D11-00A0C91BC942}") = "7_1. BinaryTree", "7_1. BinaryTree\7_1. BinaryTree.vcxproj", "{EAE3FB6E-E21C-462F-8461-5005162D594F}"
EndProject
Project("{8BC9CEB8-8B4A-11D0-8D11-00A0C91BC942}") = "7_2. ExpressionTree", "7_2. ExpressionTree\7_2. ExpressionTree.vcxproj", "{53ED7083-F096-4237-8D2D-FA8386D6D3CE}"
EndProject
Project("{8BC9CEB8-8B4A-11D0-8D11-00A0C91BC942}") = "7_3. ThreadedBinaryTree", "7_3. ThreadedBinaryTree\7_3. ThreadedBinaryTree.vcxproj", "{9785E4D9-FF8D-4850-8C33-DFC6CF6E9823}"
EndProject
Global
	GlobalSection(SolutionConfigurationPlatforms) = preSolution
		Debug|x64 = Debug|x64
		Debug|x86 = Debug|x86
		Release|x64 = Release|x64
		Release|x86 = Release|x86
	EndGlobalSection
	GlobalSection(ProjectConfigurationPlatforms) = postSolution
		{BAD1159C-61F6-482D-B66D-CFC5E6D09404}.Debug|x64.ActiveCfg = Debug|x64
		{BAD1159C-61F6-482D-B66D-CFC5E6D09404}.Debug|x64.Build.0 = Debug|x64
		{BAD1159C-61F6-482D-B66D-CFC5E6D09404}.Debug|x86.ActiveCfg = Debug|Win32
		{BAD1159C-61F6-482D-B66D-CFC5E6D09404}.Debug|x86.Build.0 = Debug|Win32
		{BAD1159C-61F6-482D-B66D-CFC5E6D09404}.Release|x64.ActiveCfg = Release|x64
		{BAD1159C-61F6-482D-B66D-CFC5E6D09404}.Release|x64.Build.0 = Release|x64
		{BAD1159C-61F6-482D-B66D-CFC5E6D09404}.Release|x86.ActiveCfg = Release|Win32
		{BAD1159C-61F6-482D-B66D-CFC5E6D09404}.Release|x86.Build.0 = Release|Win32
		{C031C5C8-DC2D-4C9A-9D5B-0C22CA2DBD27}.Debug|x64.ActiveCfg = Debug|x64
		{C031C5C8-DC2D-4C9A-9D5B-0C22CA2DBD27}.Debug|x64.Build.0 = Debug|x64
		{C031C5C8-DC2D-4C9A-9D5B-0C22CA2DBD27}.Debug|x86.ActiveCfg = Debug|Win32
		{C031C5C8-DC2D-4C9A-9D5B-0C22CA2DBD27}.Debug|x86.Build.0 = Debug|Win32
		{C031C5C8-DC2D-4C9A-9D5B-0C22CA2DBD27}.Release|x64.ActiveCfg = Release|x64
		{C031C5C8-DC2D-4C9A-9D5B-0C22CA2DBD27}.Release|x64.Build.0 = Release|x64
		{C031C5C8-DC2D-4C9A-9D5B-0C22CA2DBD27}.Release|x86.ActiveCfg = Release|Win32
		{C031C5C8-DC2D-4C9A-9D5B-0C22CA2DBD27}.Release|x86.Build.0 = Release|Win32
		{351EE89E-823A-4DDE-870A-F6C260BC753F}.Debug|x64.ActiveCfg = Debug|x64
		{351EE89E-823A-4DDE-870A-F6C260BC753F}.Debug|x64.Build.0 = Debug|x64
		{351EE89E-823A-4DDE-870A-F6C260BC753F}.Debug|x86.ActiveCfg = Debug|Win32
		{351EE89E-823A-4DDE-870A-F6C260BC753F}.Debug|x86.Build.0 = Debug|Win32
		{351EE89E-823A-4DDE-870A-F6C260BC753F}.Release|x64.ActiveCfg = Release|x64
		{351EE89E-823A-4DDE-870A-F6C260BC753F}.Release|x64.Build.0 = Release|x64
		{351EE89E-823A-4DDE-870A-F6C260BC753F}.Release|x86.ActiveCfg = Release|Win32
		{351EE89E-823A-4DDE-870A-F6C260BC753F}.Release|x86.Build.0 = Release|Win32
		{9EF017D9-B28A-4633-92D0-FECBF68A9ADD}.Debug|x64.ActiveCfg = Debug|x64
		{9EF017D9-B28A-4633-92D0-FECBF68A9ADD}.Debug|x64.Build.0 = Debug|x64
		{9EF017D9-B28A-4633-92D0-FECBF68A9ADD}.Debug|x86.ActiveCfg = Debug|Win32
		{9EF017D9-B28A-4633-92D0-FECBF68A9ADD}.Debug|x86.Build.0 = Debug|Win32
		{9EF017D9-B28A-4633-92D0-FECBF68A9ADD}.Release|x64.ActiveCfg = Release|x64
		{9EF017D9-B28A-4633-92D0-FECBF68A9ADD}.Release|x64.Build.0 = Release|x64
		{9EF017D9-B28A-4633-92D0-FECBF68A9ADD}.Release|x86.ActiveCfg = Release|Win32
		{9EF017D9-B28A-4633-92D0-FECBF68A9ADD}.Release|x86.Build.0 = Release|Win32
		{EA0EBFA6-C8FC-4C2B-A985-EAC58BDD4387}.Debug|x64.ActiveCfg = Debug|x64
		{EA0EBFA6-C8FC-4C2B-A985-EAC58BDD4387}.Debug|x64.Build.0 = Debug|x64
		{EA0EBFA6-C8FC-4C2B-A985-EAC58BDD4387}.Debug|x86.ActiveCfg = Debug|Win32
		{EA0EBFA6-C8FC-4C2B-A985-EAC58BDD4387}.Debug|x86.Build.0 = Debug|Win32
		{EA0EBFA6-C8FC-4C2B-A985-EAC58BDD4387}.Release|x64.ActiveCfg = Release|x64
		{EA0EBFA6-C8FC-4C2B-A985-EAC58BDD4387}.Release|x64.Build.0 = Release|x64
		{EA0EBFA6-C8FC-4C2B-A985-EAC58BDD4387}.Release|x86.ActiveCfg = Release|Win32
		{EA0EBFA6-C8FC-4C2B-A985-EAC58BDD4387}.Release|x86.Build.0 = Release|Win32
		{375C1B51-64ED-4083-9F35-6A1779F3BECD}.Debug|x64.ActiveCfg = Debug|x64
		{375C1B51-64ED-4083-9F35-6A1779F3BECD}.Debug|x64.Build.0 = Debug|x64
		{375C1B51-64ED-4083-9F35-6A1779F3BECD}.Debug|x86.ActiveCfg = Debug|Win32
		{375C1B51-64ED-4083-9F35-6A1779F3BECD}.Debug|x86.Build.0 = Debug|Win32
		{375C1B51-64ED-4083-9F35-6A1779F3BECD}.Release|x64.ActiveCfg = Release|x64
		{375C1B51-64ED-4083-9F35-6A1779F3BECD}.Release|x64.Build.0 = Release|x64
		{375C1B51-64ED-4083-9F35-6A1779F3BECD}.Release|x86.ActiveCfg = Release|Win32
		{375C1B51-64ED-4083-9F35-6A1779F3BECD}.Release|x86.Build.0 = Release|Win32
		{C377BC75-8465-4853-AC5D-BC02AF2897BF}.Debug|x64.ActiveCfg = Debug|x64
		{C377BC75-8465-4853-AC5D-BC02AF2897BF}.Debug|x64.Build.0 = Debug|x64
		{C377BC75-8465-4853-AC5D-BC02AF2897BF}.Debug|x86.ActiveCfg = Debug|Win32
		{C377BC75-8465-4853-AC5D-BC02AF2897BF}.Debug|x86.Build.0 = Debug|Win32
		{C377BC75-8465-4853-AC5D-BC02AF2897BF}.Release|x64.ActiveCfg = Release|x64
		{C377BC75-8465-4853-AC5D-BC02AF2897BF}.Release|x64.Build.0 = Release|x64
		{C377BC75-8465-4853-AC5D-BC02AF2897BF}.Release|x86.ActiveCfg = Release|Win32
		{C377BC75-8465-4853-AC5D-BC02AF2897BF}.Release|x86.Build.0 = Release|Win32
		{ADC4D68D-B1E9-45A3-AF77-469FBAECCCC7}.Debug|x64.ActiveCfg = Debug|x64
		{ADC4D68D-B1E9-45A3-AF77-469FBAECCCC7}.Debug|x64.Build.0 = Debug|x64
		{ADC4D68D-B1E9-45A3-AF77-469FBAECCCC7}.Debug|x86.ActiveCfg = Debug|Win32
		{ADC4D68D-B1E9-45A3-AF77-469FBAECCCC7}.Debug|x86.Build.0 = Debug|Win32
		{ADC4D68D-B1E9-45A3-AF77-469FBAECCCC7}.Release|x64.ActiveCfg = Release|x64
		{ADC4D68D-B1E9-45A3-AF77-469FBAECCCC7}.Release|x64.Build.0 = Release|x64
		{ADC4D68D-B1E9-45A3-AF77-469FBAECCCC7}.Release|x86.ActiveCfg = Release|Win32
		{ADC4D68D-B1E9-45A3-AF77-469FBAECCCC7}.Release|x86.Build.0 = Release|Win32
		{3F0CEA27-4378-48B2-9E0E-C11FF82B4899}.Debug|x64.ActiveCfg = Debug|x64
		{3F0CEA27-4378-48B2-9E0E-C11FF82B4899}.Debug|x64.Build.0 = Debug|x64
		{3F0CEA27-4378-48B2-9E0E-C11FF82B4899}.Debug|x86.ActiveCfg = Debug|Win32
		{3F0CEA27-4378-48B2-9E0E-C11FF82B4899}.Debug|x86.Build.0 = Debug|Win32
		{3F0CEA27-4378-48B2-9E0E-C11FF82B4899}.Release|x64.ActiveCfg = Release|x64
		{3F0CEA27-4378-48B2-9E0E-C11FF82B4899}.Release|x64.Build.0 = Release|x64
		{3F0CEA27-4378-48B2-9E0E-C11FF82B4899}.Release|x86.ActiveCfg = Release|Win32
		{3F0CEA27-4378-48B2-9E0E-C11FF82B4899}.Release|x86.Build.0 = Release|Win32
		{0837EF6E-2BCC-431B-A673-07A515E96071}.Debug|x64.ActiveCfg = Debug|x64
		{0837EF6E-2BCC-431B-A673-07A515E96071}.Debug|x64.Build.0 = Debug|x64
		{0837EF6E-2BCC-431B-A673-07A515E96071}.Debug|x86.ActiveCfg = Debug|Win32
		{0837EF6E-2BCC-431B-A673-07A515E96071}.Debug|x86.Build.0 = Debug|Win32
		{0837EF6E-2BCC-431B-A673-07A515E96071}.Release|x64.ActiveCfg = Release|x64
		{0837EF6E-2BCC-431B-A673-07A515E96071}.Release|x64.Build.0 = Release|x64
		{0837EF6E-2BCC-431B-A673-07A515E96071}.Release|x86.ActiveCfg = Release|Win32
		{0837EF6E-2BCC-431B-A673-07A515E96071}.Release|x86.Build.0 = Release|Win32
		{85EBAFEA-FBB4-4426-A125-49B686F75726}.Debug|x64.ActiveCfg = Debug|x64
		{85EBAFEA-FBB4-4426-A125-49B686F75726}.Debug|x64.Build.0 = Debug|x64
		{85EBAFEA-FBB4-4426-A125-49B686F75726}.Debug|x86.ActiveCfg = Debug|Win32
		{85EBAFEA-FBB4-4426-A125-49B686F75726}.Debug|x86.Build.0 = Debug|Win32
		{85EBAFEA-FBB4-4426-A125-49B686F75726}.Release|x64.ActiveCfg = Release|x64
		{85EBAFEA-FBB4-4426-A125-49B686F75726}.Release|x64.Build.0 = Release|x64
		{85EBAFEA-FBB4-4426-A125-49B686F75726}.Release|x86.ActiveCfg = Release|Win32
		{85EBAFEA-FBB4-4426-A125-49B686F75726}.Release|x86.Build.0 = Release|Win32
		{B79B2DDC-18A5-45FE-A737-10FB82D4345B}.Debug|x64.ActiveCfg = Debug|x64
		{B79B2DDC-18A5-45FE-A737-10FB82D4345B}.Debug|x64.Build.0 = Debug|x64
		{B79B2DDC-18A5-45FE-A737-10FB82D4345B}.Debug|x86.ActiveCfg = Debug|Win32
		{B79B2DDC-18A5-45FE-A737-10FB82D4345B}.Debug|x86.Build.0 = Debug|Win32
		{B79B2DDC-18A5-45FE-A737-10FB82D4345B}.Release|x64.ActiveCfg = Release|x64
		{B79B2DDC-18A5-45FE-A737-10FB82D4345B}.Release|x64.Build.0 = Release|x64
		{B79B2DDC-18A5-45FE-A737-10FB82D4345B}.Release|x86.ActiveCfg = Release|Win32
		{B79B2DDC-18A5-45FE-A737-10FB82D4345B}.Release|x86.Build.0 = Release|Win32
		{9437E06F-3143-4AC8-B778-EC9C308E6329}.Debug|x64.ActiveCfg = Debug|x64
		{9437E06F-3143-4AC8-B778-EC9C308E6329}.Debug|x64.Build.0 = Debug|x64
		{9437E06F-3143-4AC8-B778-EC9C308E6329}.Debug|x86.ActiveCfg = Debug|Win32
		{9437E06F-3143-4AC8-B778-EC9C308E6329}.Debug|x86.Build.0 = Debug|Win32
		{9437E06F-3143-4AC8-B778-EC9C308E6329}.Release|x64.ActiveCfg = Release|x64
		{9437E06F-3143-4AC8-B778-EC9C308E6329}.Release|x64.Build.0 = Release|x64
		{9437E06F-3143-4AC8-B778-EC9C308E6329}.Release|x86.ActiveCfg = Release|Win32
		{9437E06F-3143-4AC8-B778-EC9C308E6329}.Release|x86.Build.0 = Release|Win32
		{495FA8F8-1F62-41FC-9CCC-358F1BE54DC3}.Debug|x64.ActiveCfg = Debug|x64
		{495FA8F8-1F62-41FC-9CCC-358F1BE54DC3}.Debug|x64.Build.0 = Debug|x64
		{495FA8F8-1F62-41FC-9CCC-358F1BE54DC3}.Debug|x86.ActiveCfg = Debug|Win32
		{495FA8F8-1F62-41FC-9CCC-358F1BE54DC3}.Debug|x86.Build.0 = Debug|Win32
		{495FA8F8-1F62-41FC-9CCC-358F1BE54DC3}.Release|x64.ActiveCfg = Release|x64
		{495FA8F8-1F62-41FC-9CCC-358F1BE54DC3}.Release|x64.Build.0 = Release|x64
		{495FA8F8-1F62-41FC-9CCC-358F1BE54DC3}.Release|x86.ActiveCfg = Release|Win32
		{495FA8F8-1F62-41FC-9CCC-358F1BE54DC3}.Release|x86.Build.0 = Release|Win32
		{570DCA6D-F302-4E36-AA08-9290CB1310FB}.Debug|x64.ActiveCfg = Debug|x64
		{570DCA6D-F302-4E36-AA08-9290CB1310FB}.Debug|x64.Build.0 = Debug|x64
		{570DCA6D-F302-4E36-AA08-9290CB1310FB}.Debug|x86.ActiveCfg = Debug|Win32
		{570DCA6D-F302-4E36-AA08-9290CB1310FB}.Debug|x86.Build.0 = Debug|Win32
		{570DCA6D-F302-4E36-AA08-9290CB1310FB}.Release|x64.ActiveCfg = Release|x64
		{570DCA6D-F302-4E36-AA08-9290CB1310FB}.Release|x64.Build.0 = Release|x64
		{570DCA6D-F302-4E36-AA08-9290CB1310FB}.Release|x86.ActiveCfg = Release|Win32
		{570DCA6D-F302-4E36-AA08-9290CB1310FB}.Release|x86.Build.0 = Release|Win32
		{A7D0E3E2-2598-4B69-AC7A-9545DCF6AF47}.Debug|x64.ActiveCfg = Debug|x64
		{A7D0E3E2-2598-4B69-AC7A-9545DCF6AF47}.Debug|x64.Build.0 = Debug|x64
		{A7D0E3E2-2598-4B69-AC7A-9545DCF6AF47}.Debug|x86.ActiveCfg = Debug|Win32
		{A7D0E3E2-2598-4B69-AC7A-9545DCF6AF47}.Debug|x86.Build.0 = Debug|Win32
		{A7D0E3E2-2598-4B69-AC7A-9545DCF6AF47}.Release|x64.ActiveCfg = Release|x64
		{A7D0E3E2-2598-4B69-AC7A-9545DCF6AF47}.Release|x64.Build.0 = Release|x64
		{A7D0E3E2-2598-4B69-AC7A-9545DCF6AF47}.Release|x86.ActiveCfg = Release|Win32
		{A7D0E3E2-2598-4B69-AC7A-9545DCF6AF47}.Release|x86.Build.0 = Release|Win32
		{B11F10D1-B903-4995-9534-687402D2244F}.Debug|x64.ActiveCfg = Debug|x64
		{B11F10D1-B903-4995-9534-687402D2244F}.Debug|x64.Build.0 = Debug|x64
		{B11F10D1-B903-4995-9534-687402D2244F}.Debug|x86.ActiveCfg = Debug|Win32
		{B11F10D1-B903-4995-9534-687402D2244F}.Debug|x86.Build.0 = Debug|Win32
		{B11F10D1-B903-4995-9534-687402D2244F}.Release|x64.ActiveCfg = Release|x64
		{B11F10D1-B903-4995-9534-687402D2244F}.Release|x64.Build.0 = Release|x64
		{B11F10D1-B903-4995-9534-687402D2244F}.Release|x86.ActiveCfg = Release|Win32
		{B11F10D1-B903-4995-9534-687402D2244F}.Release|x86.Build.0 = Release|Win32
		{ABC9EF95-08CA-4151-B7A5-78B00D8A739A}.Debug|x64.ActiveCfg = Debug|x64
		{ABC9EF95-08CA-4151-B7A5-78B00D8A739A}.Debug|x64.Build.0 = Debug|x64
		{ABC9EF95-08CA-4151-B7A5-78B00D8A739A}.Debug|x86.ActiveCfg = Debug|Win32
		{ABC9EF95-08CA-4151-B7A5-78B00D8A739A}.Debug|x86.Build.0 = Debug|Win32
		{ABC9EF95-08CA-4151-B7A5-78B00D8A739A}.Release|x64.ActiveCfg = Release|x64
		{ABC9EF95-08CA-4151-B7A5-78B00D8A739A}.Release|x64.Build.0 = Release|x64
		{ABC9EF95-08CA-4151-B7A5-78B00D8A739A}.Release|x86.ActiveCfg = Release|Win32
		{ABC9EF95-08CA-4151-B7A5-78B00D8A739A}.Release|x86.Build.0 = Release|Win32
		{EAE3FB6E-E21C-462F-8461-5005162D594F}.Debug|x64.ActiveCfg = Debug|x64
		{EAE3FB6E-E21C-462F-8461-5005162D594F}.Debug|x64.Build.0 = Debug|x64
		{EAE3FB6E-E21C-462F-8461-5005162D594F}.Debug|x86.ActiveCfg = Debug|Win32
		{EAE3FB6E-E21C-462F-8461-5005162D594F}.Debug|x86.Build.0 = Debug|Win32
		{EAE3FB6E-E21C-462F-8461-5005162D594F}.Release|x64.ActiveCfg = Release|x64
		{EAE3FB6E-E21C-462F-8461-5005162D594F}.Release|x64.Build.0 = Release|x64
		{EAE3FB6E-E21C-462F-8461-5005162D594F}.Release|x86.ActiveCfg = Release|Win32
		{EAE3FB6E-E21C-462F-8461-5005162D594F}.Release|x86.Build.0 = Release|Win32
		{53ED7083-F096-4237-8D2D-FA8386D6D3CE}.Debug|x64.ActiveCfg = Debug|x64
		{53ED7083-F096-4237-8D2D-FA8386D6D3CE}.Debug|x64.Build.0 = Debug|x64
		{53ED7083-F096-4237-8D2D-FA8386D6D3CE}.Debug|x86.ActiveCfg = Debug|Win32
		{53ED7083-F096-4237-8D2D-FA8386D6D3CE}.Debug|x86.Build.0 = Debug|Win32
		{53ED7083-F096-4237-8D2D-FA8386D6D3CE}.Release|x64.ActiveCfg = Release|x64
		{53ED7083-F096-4237-8D2D-FA8386D6D3CE}.Release|x64.Build.0 = Release|x64
		{53ED7083-F096-4237-8D2D-FA8386D6D3CE}.Release|x86.ActiveCfg = Release|Win32
		{53ED7083-F096-4237-8D2D-FA8386D6D3CE}.Release|x86.Build.0 = Release|Win32
		{9785E4D9-FF8D-4850-8C33-DFC6CF6E9823}.Debug|x64.ActiveCfg = Debug|x64
		{9785E4D9-FF8D-4850-8C33-DFC6CF6E9823}.Debug|x64.Build.0 = Debug|x64
		{9785E4D9-FF8D-4850-8C33-DFC6CF6E9823}.Debug|x86.ActiveCfg = Debug|Win32
		{9785E4D9-FF8D-4850-8C33-DFC6CF6E9823}.Debug|x86.Build.0 = Debug|Win32
		{9785E4D9-FF8D-4850-8C33-DFC6CF6E9823}.Release|x64.ActiveCfg = Release|x64
		{9785E4D9-FF8D-4850-8C33-DFC6CF6E9823}.Release|x64.Build.0 = Release|x64
		{9785E4D9-FF8D-4850-8C33-DFC6CF6E9823}.Release|x86.ActiveCfg = Release|Win32
		{9785E4D9-FF8D-4850-8C33-DFC6CF6E9823}.Release|x86.Build.0 = Release|Win32
	EndGlobalSection
	GlobalSection(SolutionProperties) = preSolution
		HideSolutionNode = FALSE
	EndGlobalSection
	GlobalSection(ExtensibilityGlobals) = postSolution
		SolutionGuid = {2A53D4F8-6D5B-4746-8BCE-9BB67700EEA8}
	EndGlobalSection
EndGlobal
